
Microsoft Visual Studio Solution File, Format Version 12.00
# Visual Studio 14
VisualStudioVersion = 14.0.25420.1
MinimumVisualStudioVersion = 10.0.40219.1
Project("{FAE04EC0-301F-11D3-BF4B-00C04F79EFBC}") = "QuoteMe.MVC", "QuoteMe.MVC\QuoteMe.MVC.csproj", "{EED97C83-3684-47E8-8DD3-E99C57238A6C}"
EndProject
Project("{FAE04EC0-301F-11D3-BF4B-00C04F79EFBC}") = "QuoteMe.Tests", "QuoteMe.Tests\QuoteMe.Tests.csproj", "{B2DC287F-3F6B-4C6F-B0A0-A610F49B6275}"
EndProject
Project("{FAE04EC0-301F-11D3-BF4B-00C04F79EFBC}") = "QuoteMe.Storage", "QuoteMe.Storage\QuoteMe.Storage.csproj", "{E7A1AC70-EFDC-4C4F-B70F-D8D09E6C8693}"
EndProject
Project("{FAE04EC0-301F-11D3-BF4B-00C04F79EFBC}") = "QuoteMe.Models", "QuoteMe.Models\QuoteMe.Models.csproj", "{FA279E47-10EB-4D9D-8535-A1B8B03941BB}"
EndProject
Global
	GlobalSection(SolutionConfigurationPlatforms) = preSolution
		Debug|Any CPU = Debug|Any CPU
		Release|Any CPU = Release|Any CPU
	EndGlobalSection
	GlobalSection(ProjectConfigurationPlatforms) = postSolution
		{EED97C83-3684-47E8-8DD3-E99C57238A6C}.Debug|Any CPU.ActiveCfg = Debug|Any CPU
		{EED97C83-3684-47E8-8DD3-E99C57238A6C}.Debug|Any CPU.Build.0 = Debug|Any CPU
		{EED97C83-3684-47E8-8DD3-E99C57238A6C}.Release|Any CPU.ActiveCfg = Release|Any CPU
		{EED97C83-3684-47E8-8DD3-E99C57238A6C}.Release|Any CPU.Build.0 = Release|Any CPU
		{B2DC287F-3F6B-4C6F-B0A0-A610F49B6275}.Debug|Any CPU.ActiveCfg = Debug|Any CPU
		{B2DC287F-3F6B-4C6F-B0A0-A610F49B6275}.Debug|Any CPU.Build.0 = Debug|Any CPU
		{B2DC287F-3F6B-4C6F-B0A0-A610F49B6275}.Release|Any CPU.ActiveCfg = Release|Any CPU
		{B2DC287F-3F6B-4C6F-B0A0-A610F49B6275}.Release|Any CPU.Build.0 = Release|Any CPU
		{E7A1AC70-EFDC-4C4F-B70F-D8D09E6C8693}.Debug|Any CPU.ActiveCfg = Debug|Any CPU
		{E7A1AC70-EFDC-4C4F-B70F-D8D09E6C8693}.Debug|Any CPU.Build.0 = Debug|Any CPU
		{E7A1AC70-EFDC-4C4F-B70F-D8D09E6C8693}.Release|Any CPU.ActiveCfg = Release|Any CPU
		{E7A1AC70-EFDC-4C4F-B70F-D8D09E6C8693}.Release|Any CPU.Build.0 = Release|Any CPU
		{FA279E47-10EB-4D9D-8535-A1B8B03941BB}.Debug|Any CPU.ActiveCfg = Debug|Any CPU
		{FA279E47-10EB-4D9D-8535-A1B8B03941BB}.Debug|Any CPU.Build.0 = Debug|Any CPU
		{FA279E47-10EB-4D9D-8535-A1B8B03941BB}.Release|Any CPU.ActiveCfg = Release|Any CPU
		{FA279E47-10EB-4D9D-8535-A1B8B03941BB}.Release|Any CPU.Build.0 = Release|Any CPU
	EndGlobalSection
	GlobalSection(SolutionProperties) = preSolution
		HideSolutionNode = FALSE
	EndGlobalSection
EndGlobal
